// !$*UTF8*$!
{
	archiveVersion = 1;
	classes = {
	};
	objectVersion = 50;
	objects = {

/* Begin PBXBuildFile section */
		9004284A21559FBB00BC99D4 /* AppDelegate.swift in Sources */ = {isa = PBXBuildFile; fileRef = 9004284921559FBB00BC99D4 /* AppDelegate.swift */; };
		9004284C21559FBB00BC99D4 /* TabBarController.swift in Sources */ = {isa = PBXBuildFile; fileRef = 9004284B21559FBB00BC99D4 /* TabBarController.swift */; };
		9004285121559FBD00BC99D4 /* Assets.xcassets in Resources */ = {isa = PBXBuildFile; fileRef = 9004285021559FBD00BC99D4 /* Assets.xcassets */; };
		9004285421559FBD00BC99D4 /* LaunchScreen.storyboard in Resources */ = {isa = PBXBuildFile; fileRef = 9004285221559FBD00BC99D4 /* LaunchScreen.storyboard */; };
		90246160215806D6001F0262 /* UICircularProgressRing.framework in Frameworks */ = {isa = PBXBuildFile; fileRef = 9024615F215806D6001F0262 /* UICircularProgressRing.framework */; };
		90246162215806E7001F0262 /* Nuke.framework in Frameworks */ = {isa = PBXBuildFile; fileRef = 90246161215806E7001F0262 /* Nuke.framework */; };
		90246165215815EC001F0262 /* CircleView.swift in Sources */ = {isa = PBXBuildFile; fileRef = 90246164215815EC001F0262 /* CircleView.swift */; };
		904A6B8121599DDF0071348E /* MovieBasicInfoView.swift in Sources */ = {isa = PBXBuildFile; fileRef = 904A6B8021599DDF0071348E /* MovieBasicInfoView.swift */; };
		904A6B832159BA090071348E /* MoviesBusinessLogic.swift in Sources */ = {isa = PBXBuildFile; fileRef = 904A6B822159BA090071348E /* MoviesBusinessLogic.swift */; };
		904A6B862159BA690071348E /* TopMoviesViewController.swift in Sources */ = {isa = PBXBuildFile; fileRef = 904A6B852159BA690071348E /* TopMoviesViewController.swift */; };
		904A6B892159C12F0071348E /* PopularMoviesInteractor.swift in Sources */ = {isa = PBXBuildFile; fileRef = 904A6B882159C12F0071348E /* PopularMoviesInteractor.swift */; };
		904A6B8B2159C16F0071348E /* PopularMoviesWorker.swift in Sources */ = {isa = PBXBuildFile; fileRef = 904A6B8A2159C16F0071348E /* PopularMoviesWorker.swift */; };
		904A6B8D2159C1B60071348E /* PopularMoviesViewController.swift in Sources */ = {isa = PBXBuildFile; fileRef = 904A6B8C2159C1B60071348E /* PopularMoviesViewController.swift */; };
		9061DB192156B4C300711350 /* SnapKit.framework in Frameworks */ = {isa = PBXBuildFile; fileRef = 9061DB182156B4C300711350 /* SnapKit.framework */; };
		9061DB242156C0F700711350 /* Result.framework in Frameworks */ = {isa = PBXBuildFile; fileRef = 9061DB1A2156C0F600711350 /* Result.framework */; };
		9061DB252156C0F700711350 /* Realm.framework in Frameworks */ = {isa = PBXBuildFile; fileRef = 9061DB1B2156C0F600711350 /* Realm.framework */; };
		9061DB282156C0F700711350 /* RxMoya.framework in Frameworks */ = {isa = PBXBuildFile; fileRef = 9061DB1E2156C0F600711350 /* RxMoya.framework */; };
		9061DB292156C0F700711350 /* Moya.framework in Frameworks */ = {isa = PBXBuildFile; fileRef = 9061DB1F2156C0F600711350 /* Moya.framework */; };
		9061DB2A2156C0F700711350 /* RealmSwift.framework in Frameworks */ = {isa = PBXBuildFile; fileRef = 9061DB202156C0F700711350 /* RealmSwift.framework */; };
		9061DB2B2156C0F700711350 /* Alamofire.framework in Frameworks */ = {isa = PBXBuildFile; fileRef = 9061DB212156C0F700711350 /* Alamofire.framework */; };
		9061DB2C2156C0F700711350 /* RxSwift.framework in Frameworks */ = {isa = PBXBuildFile; fileRef = 9061DB222156C0F700711350 /* RxSwift.framework */; };
		9061DB2D2156C0F700711350 /* RxCocoa.framework in Frameworks */ = {isa = PBXBuildFile; fileRef = 9061DB232156C0F700711350 /* RxCocoa.framework */; };
		9085C6A02157DB920067EB8F /* MoviesResponse.swift in Sources */ = {isa = PBXBuildFile; fileRef = 9085C69F2157DB920067EB8F /* MoviesResponse.swift */; };
		9085C6A22157DBD10067EB8F /* MoviesRequest.swift in Sources */ = {isa = PBXBuildFile; fileRef = 9085C6A12157DBD10067EB8F /* MoviesRequest.swift */; };
		9085C6A42157DBDD0067EB8F /* MoviesViewModel.swift in Sources */ = {isa = PBXBuildFile; fileRef = 9085C6A32157DBDD0067EB8F /* MoviesViewModel.swift */; };
		9085C6A72157E4770067EB8F /* MovieViewCell.swift in Sources */ = {isa = PBXBuildFile; fileRef = 9085C6A62157E4770067EB8F /* MovieViewCell.swift */; };
		9085C6A92157F48D0067EB8F /* Movie.swift in Sources */ = {isa = PBXBuildFile; fileRef = 9085C6A82157F48D0067EB8F /* Movie.swift */; };
		9085C6AB2157F5180067EB8F /* MovieViewModel.swift in Sources */ = {isa = PBXBuildFile; fileRef = 9085C6AA2157F5180067EB8F /* MovieViewModel.swift */; };
		90F2C4B02157044C001CA8D2 /* MoviesViewController.swift in Sources */ = {isa = PBXBuildFile; fileRef = 90F2C4AF2157044C001CA8D2 /* MoviesViewController.swift */; };
		90F2C4B22157046E001CA8D2 /* TopMoviesInteractor.swift in Sources */ = {isa = PBXBuildFile; fileRef = 90F2C4B12157046E001CA8D2 /* TopMoviesInteractor.swift */; };
		90F2C4B4215713DD001CA8D2 /* MoviesPresenter.swift in Sources */ = {isa = PBXBuildFile; fileRef = 90F2C4B3215713DD001CA8D2 /* MoviesPresenter.swift */; };
		90F2C4BB2157B140001CA8D2 /* TheMovieDBAPI.swift in Sources */ = {isa = PBXBuildFile; fileRef = 90F2C4BA2157B140001CA8D2 /* TheMovieDBAPI.swift */; };
		90F2C4BD2157B727001CA8D2 /* MoviesView.swift in Sources */ = {isa = PBXBuildFile; fileRef = 90F2C4BC2157B727001CA8D2 /* MoviesView.swift */; };
		90F2C4BF2157B946001CA8D2 /* TopMoviesWorker.swift in Sources */ = {isa = PBXBuildFile; fileRef = 90F2C4BE2157B946001CA8D2 /* TopMoviesWorker.swift */; };
		BC159B36FBF0DDC3147EE245 /* Pods_poatek_project.framework in Frameworks */ = {isa = PBXBuildFile; fileRef = B649B991F4094ABEAD710640 /* Pods_poatek_project.framework */; };
/* End PBXBuildFile section */

/* Begin PBXFileReference section */
		8A9D74EF68F098A174E5C9EC /* Pods-poatek-project.release.xcconfig */ = {isa = PBXFileReference; includeInIndex = 1; lastKnownFileType = text.xcconfig; name = "Pods-poatek-project.release.xcconfig"; path = "Pods/Target Support Files/Pods-poatek-project/Pods-poatek-project.release.xcconfig"; sourceTree = "<group>"; };
		9004284621559FBB00BC99D4 /* poatek-project.app */ = {isa = PBXFileReference; explicitFileType = wrapper.application; includeInIndex = 0; path = "poatek-project.app"; sourceTree = BUILT_PRODUCTS_DIR; };
		9004284921559FBB00BC99D4 /* AppDelegate.swift */ = {isa = PBXFileReference; lastKnownFileType = sourcecode.swift; path = AppDelegate.swift; sourceTree = "<group>"; };
		9004284B21559FBB00BC99D4 /* TabBarController.swift */ = {isa = PBXFileReference; lastKnownFileType = sourcecode.swift; path = TabBarController.swift; sourceTree = "<group>"; };
		9004285021559FBD00BC99D4 /* Assets.xcassets */ = {isa = PBXFileReference; lastKnownFileType = folder.assetcatalog; path = Assets.xcassets; sourceTree = "<group>"; };
		9004285321559FBD00BC99D4 /* Base */ = {isa = PBXFileReference; lastKnownFileType = file.storyboard; name = Base; path = Base.lproj/LaunchScreen.storyboard; sourceTree = "<group>"; };
		9004285521559FBD00BC99D4 /* Info.plist */ = {isa = PBXFileReference; lastKnownFileType = text.plist.xml; path = Info.plist; sourceTree = "<group>"; };
		9024615F215806D6001F0262 /* UICircularProgressRing.framework */ = {isa = PBXFileReference; lastKnownFileType = wrapper.framework; name = UICircularProgressRing.framework; path = Carthage/Build/iOS/UICircularProgressRing.framework; sourceTree = "<group>"; };
		90246161215806E7001F0262 /* Nuke.framework */ = {isa = PBXFileReference; lastKnownFileType = wrapper.framework; name = Nuke.framework; path = Carthage/Build/iOS/Nuke.framework; sourceTree = "<group>"; };
		90246164215815EC001F0262 /* CircleView.swift */ = {isa = PBXFileReference; lastKnownFileType = sourcecode.swift; path = CircleView.swift; sourceTree = "<group>"; };
		904A6B8021599DDF0071348E /* MovieBasicInfoView.swift */ = {isa = PBXFileReference; lastKnownFileType = sourcecode.swift; path = MovieBasicInfoView.swift; sourceTree = "<group>"; };
		904A6B822159BA090071348E /* MoviesBusinessLogic.swift */ = {isa = PBXFileReference; lastKnownFileType = sourcecode.swift; path = MoviesBusinessLogic.swift; sourceTree = "<group>"; };
		904A6B852159BA690071348E /* TopMoviesViewController.swift */ = {isa = PBXFileReference; lastKnownFileType = sourcecode.swift; path = TopMoviesViewController.swift; sourceTree = "<group>"; };
		904A6B882159C12F0071348E /* PopularMoviesInteractor.swift */ = {isa = PBXFileReference; lastKnownFileType = sourcecode.swift; path = PopularMoviesInteractor.swift; sourceTree = "<group>"; };
		904A6B8A2159C16F0071348E /* PopularMoviesWorker.swift */ = {isa = PBXFileReference; lastKnownFileType = sourcecode.swift; path = PopularMoviesWorker.swift; sourceTree = "<group>"; };
		904A6B8C2159C1B60071348E /* PopularMoviesViewController.swift */ = {isa = PBXFileReference; lastKnownFileType = sourcecode.swift; path = PopularMoviesViewController.swift; sourceTree = "<group>"; };
		9061DB182156B4C300711350 /* SnapKit.framework */ = {isa = PBXFileReference; lastKnownFileType = wrapper.framework; name = SnapKit.framework; path = Carthage/Build/iOS/SnapKit.framework; sourceTree = "<group>"; };
		9061DB1A2156C0F600711350 /* Result.framework */ = {isa = PBXFileReference; lastKnownFileType = wrapper.framework; name = Result.framework; path = Carthage/Build/iOS/Result.framework; sourceTree = "<group>"; };
		9061DB1B2156C0F600711350 /* Realm.framework */ = {isa = PBXFileReference; lastKnownFileType = wrapper.framework; name = Realm.framework; path = Carthage/Build/iOS/Realm.framework; sourceTree = "<group>"; };
		9061DB1E2156C0F600711350 /* RxMoya.framework */ = {isa = PBXFileReference; lastKnownFileType = wrapper.framework; name = RxMoya.framework; path = Carthage/Build/iOS/RxMoya.framework; sourceTree = "<group>"; };
		9061DB1F2156C0F600711350 /* Moya.framework */ = {isa = PBXFileReference; lastKnownFileType = wrapper.framework; name = Moya.framework; path = Carthage/Build/iOS/Moya.framework; sourceTree = "<group>"; };
		9061DB202156C0F700711350 /* RealmSwift.framework */ = {isa = PBXFileReference; lastKnownFileType = wrapper.framework; name = RealmSwift.framework; path = Carthage/Build/iOS/RealmSwift.framework; sourceTree = "<group>"; };
		9061DB212156C0F700711350 /* Alamofire.framework */ = {isa = PBXFileReference; lastKnownFileType = wrapper.framework; name = Alamofire.framework; path = Carthage/Build/iOS/Alamofire.framework; sourceTree = "<group>"; };
		9061DB222156C0F700711350 /* RxSwift.framework */ = {isa = PBXFileReference; lastKnownFileType = wrapper.framework; name = RxSwift.framework; path = Carthage/Build/iOS/RxSwift.framework; sourceTree = "<group>"; };
		9061DB232156C0F700711350 /* RxCocoa.framework */ = {isa = PBXFileReference; lastKnownFileType = wrapper.framework; name = RxCocoa.framework; path = Carthage/Build/iOS/RxCocoa.framework; sourceTree = "<group>"; };
		9085C69F2157DB920067EB8F /* MoviesResponse.swift */ = {isa = PBXFileReference; lastKnownFileType = sourcecode.swift; path = MoviesResponse.swift; sourceTree = "<group>"; };
		9085C6A12157DBD10067EB8F /* MoviesRequest.swift */ = {isa = PBXFileReference; lastKnownFileType = sourcecode.swift; path = MoviesRequest.swift; sourceTree = "<group>"; };
		9085C6A32157DBDD0067EB8F /* MoviesViewModel.swift */ = {isa = PBXFileReference; lastKnownFileType = sourcecode.swift; path = MoviesViewModel.swift; sourceTree = "<group>"; };
		9085C6A62157E4770067EB8F /* MovieViewCell.swift */ = {isa = PBXFileReference; lastKnownFileType = sourcecode.swift; path = MovieViewCell.swift; sourceTree = "<group>"; };
		9085C6A82157F48D0067EB8F /* Movie.swift */ = {isa = PBXFileReference; lastKnownFileType = sourcecode.swift; path = Movie.swift; sourceTree = "<group>"; };
		9085C6AA2157F5180067EB8F /* MovieViewModel.swift */ = {isa = PBXFileReference; lastKnownFileType = sourcecode.swift; path = MovieViewModel.swift; sourceTree = "<group>"; };
		90F2C4AF2157044C001CA8D2 /* MoviesViewController.swift */ = {isa = PBXFileReference; lastKnownFileType = sourcecode.swift; path = MoviesViewController.swift; sourceTree = "<group>"; };
		90F2C4B12157046E001CA8D2 /* TopMoviesInteractor.swift */ = {isa = PBXFileReference; lastKnownFileType = sourcecode.swift; path = TopMoviesInteractor.swift; sourceTree = "<group>"; };
		90F2C4B3215713DD001CA8D2 /* MoviesPresenter.swift */ = {isa = PBXFileReference; lastKnownFileType = sourcecode.swift; path = MoviesPresenter.swift; sourceTree = "<group>"; };
		90F2C4BA2157B140001CA8D2 /* TheMovieDBAPI.swift */ = {isa = PBXFileReference; lastKnownFileType = sourcecode.swift; path = TheMovieDBAPI.swift; sourceTree = "<group>"; };
		90F2C4BC2157B727001CA8D2 /* MoviesView.swift */ = {isa = PBXFileReference; lastKnownFileType = sourcecode.swift; path = MoviesView.swift; sourceTree = "<group>"; };
		90F2C4BE2157B946001CA8D2 /* TopMoviesWorker.swift */ = {isa = PBXFileReference; lastKnownFileType = sourcecode.swift; path = TopMoviesWorker.swift; sourceTree = "<group>"; };
		B649B991F4094ABEAD710640 /* Pods_poatek_project.framework */ = {isa = PBXFileReference; explicitFileType = wrapper.framework; includeInIndex = 0; path = Pods_poatek_project.framework; sourceTree = BUILT_PRODUCTS_DIR; };
		BC1985EE8BEE154FD16C38F3 /* Pods-poatek-project.debug.xcconfig */ = {isa = PBXFileReference; includeInIndex = 1; lastKnownFileType = text.xcconfig; name = "Pods-poatek-project.debug.xcconfig"; path = "Pods/Target Support Files/Pods-poatek-project/Pods-poatek-project.debug.xcconfig"; sourceTree = "<group>"; };
/* End PBXFileReference section */

/* Begin PBXFrameworksBuildPhase section */
		9004284321559FBB00BC99D4 /* Frameworks */ = {
			isa = PBXFrameworksBuildPhase;
			buildActionMask = 2147483647;
			files = (
				BC159B36FBF0DDC3147EE245 /* Pods_poatek_project.framework in Frameworks */,
				9061DB192156B4C300711350 /* SnapKit.framework in Frameworks */,
				9061DB242156C0F700711350 /* Result.framework in Frameworks */,
				9061DB252156C0F700711350 /* Realm.framework in Frameworks */,
				9061DB282156C0F700711350 /* RxMoya.framework in Frameworks */,
				9061DB292156C0F700711350 /* Moya.framework in Frameworks */,
				9061DB2A2156C0F700711350 /* RealmSwift.framework in Frameworks */,
				9061DB2B2156C0F700711350 /* Alamofire.framework in Frameworks */,
				9061DB2C2156C0F700711350 /* RxSwift.framework in Frameworks */,
				9061DB2D2156C0F700711350 /* RxCocoa.framework in Frameworks */,
				90246160215806D6001F0262 /* UICircularProgressRing.framework in Frameworks */,
				90246162215806E7001F0262 /* Nuke.framework in Frameworks */,
			);
			runOnlyForDeploymentPostprocessing = 0;
		};
/* End PBXFrameworksBuildPhase section */

/* Begin PBXGroup section */
		9004283D21559FBB00BC99D4 = {
			isa = PBXGroup;
			children = (
				9004284821559FBB00BC99D4 /* poatek-project */,
				9004284721559FBB00BC99D4 /* Products */,
				AB1212C8E426A9C138BCF976 /* Pods */,
				E6795AA6616DBAF6F2C5A0C1 /* Frameworks */,
			);
			sourceTree = "<group>";
		};
		9004284721559FBB00BC99D4 /* Products */ = {
			isa = PBXGroup;
			children = (
				9004284621559FBB00BC99D4 /* poatek-project.app */,
			);
			name = Products;
			sourceTree = "<group>";
		};
		9004284821559FBB00BC99D4 /* poatek-project */ = {
			isa = PBXGroup;
			children = (
				90246163215815E1001F0262 /* Common */,
				90F2C4B92157B123001CA8D2 /* API */,
				90F2C4AD21570404001CA8D2 /* Scenes */,
				9004284921559FBB00BC99D4 /* AppDelegate.swift */,
				9004284B21559FBB00BC99D4 /* TabBarController.swift */,
				9004285021559FBD00BC99D4 /* Assets.xcassets */,
				9004285221559FBD00BC99D4 /* LaunchScreen.storyboard */,
				9004285521559FBD00BC99D4 /* Info.plist */,
			);
			path = "poatek-project";
			sourceTree = "<group>";
		};
		90246163215815E1001F0262 /* Common */ = {
			isa = PBXGroup;
			children = (
				90246164215815EC001F0262 /* CircleView.swift */,
			);
			path = Common;
			sourceTree = "<group>";
		};
		904A6B842159BA1E0071348E /* TopMovies */ = {
			isa = PBXGroup;
			children = (
				90F2C4B12157046E001CA8D2 /* TopMoviesInteractor.swift */,
				904A6B852159BA690071348E /* TopMoviesViewController.swift */,
				90F2C4BE2157B946001CA8D2 /* TopMoviesWorker.swift */,
			);
			path = TopMovies;
			sourceTree = "<group>";
		};
		904A6B872159C11D0071348E /* PopularMovies */ = {
			isa = PBXGroup;
			children = (
				904A6B882159C12F0071348E /* PopularMoviesInteractor.swift */,
				904A6B8A2159C16F0071348E /* PopularMoviesWorker.swift */,
				904A6B8C2159C1B60071348E /* PopularMoviesViewController.swift */,
			);
			path = PopularMovies;
			sourceTree = "<group>";
		};
		9085C69E2157C35C0067EB8F /* Models */ = {
			isa = PBXGroup;
			children = (
				9085C69F2157DB920067EB8F /* MoviesResponse.swift */,
				9085C6A12157DBD10067EB8F /* MoviesRequest.swift */,
				9085C6A32157DBDD0067EB8F /* MoviesViewModel.swift */,
				9085C6A82157F48D0067EB8F /* Movie.swift */,
				9085C6AA2157F5180067EB8F /* MovieViewModel.swift */,
			);
			path = Models;
			sourceTree = "<group>";
		};
		9085C6A52157E4640067EB8F /* Views */ = {
			isa = PBXGroup;
			children = (
				90F2C4BC2157B727001CA8D2 /* MoviesView.swift */,
				9085C6A62157E4770067EB8F /* MovieViewCell.swift */,
				904A6B8021599DDF0071348E /* MovieBasicInfoView.swift */,
			);
			path = Views;
			sourceTree = "<group>";
		};
		90F2C4AD21570404001CA8D2 /* Scenes */ = {
			isa = PBXGroup;
			children = (
				904A6B872159C11D0071348E /* PopularMovies */,
				904A6B842159BA1E0071348E /* TopMovies */,
				90F2C4AE2157043B001CA8D2 /* Movies */,
			);
			path = Scenes;
			sourceTree = "<group>";
		};
		90F2C4AE2157043B001CA8D2 /* Movies */ = {
			isa = PBXGroup;
			children = (
				9085C6A52157E4640067EB8F /* Views */,
				9085C69E2157C35C0067EB8F /* Models */,
				90F2C4AF2157044C001CA8D2 /* MoviesViewController.swift */,
				90F2C4B3215713DD001CA8D2 /* MoviesPresenter.swift */,
				904A6B822159BA090071348E /* MoviesBusinessLogic.swift */,
			);
			path = Movies;
			sourceTree = "<group>";
		};
		90F2C4B92157B123001CA8D2 /* API */ = {
			isa = PBXGroup;
			children = (
				90F2C4BA2157B140001CA8D2 /* TheMovieDBAPI.swift */,
			);
			path = API;
			sourceTree = "<group>";
		};
		AB1212C8E426A9C138BCF976 /* Pods */ = {
			isa = PBXGroup;
			children = (
				BC1985EE8BEE154FD16C38F3 /* Pods-poatek-project.debug.xcconfig */,
				8A9D74EF68F098A174E5C9EC /* Pods-poatek-project.release.xcconfig */,
			);
			name = Pods;
			sourceTree = "<group>";
		};
		E6795AA6616DBAF6F2C5A0C1 /* Frameworks */ = {
			isa = PBXGroup;
			children = (
				90246161215806E7001F0262 /* Nuke.framework */,
				9024615F215806D6001F0262 /* UICircularProgressRing.framework */,
				9061DB212156C0F700711350 /* Alamofire.framework */,
				9061DB1F2156C0F600711350 /* Moya.framework */,
				9061DB1B2156C0F600711350 /* Realm.framework */,
				9061DB202156C0F700711350 /* RealmSwift.framework */,
				9061DB1A2156C0F600711350 /* Result.framework */,
				9061DB232156C0F700711350 /* RxCocoa.framework */,
				9061DB1E2156C0F600711350 /* RxMoya.framework */,
				9061DB222156C0F700711350 /* RxSwift.framework */,
				9061DB182156B4C300711350 /* SnapKit.framework */,
				B649B991F4094ABEAD710640 /* Pods_poatek_project.framework */,
			);
			name = Frameworks;
			sourceTree = "<group>";
		};
/* End PBXGroup section */

/* Begin PBXNativeTarget section */
		9004284521559FBB00BC99D4 /* poatek-project */ = {
			isa = PBXNativeTarget;
			buildConfigurationList = 9004285821559FBD00BC99D4 /* Build configuration list for PBXNativeTarget "poatek-project" */;
			buildPhases = (
				6EA24F01C8D5BB7A63235E26 /* [CP] Check Pods Manifest.lock */,
				9004284221559FBB00BC99D4 /* Sources */,
				9004284321559FBB00BC99D4 /* Frameworks */,
				9004284421559FBB00BC99D4 /* Resources */,
				9061DB162156B1EA00711350 /* Run Linter */,
				9061DB172156B45E00711350 /* copy-frameworks */,
			);
			buildRules = (
			);
			dependencies = (
			);
			name = "poatek-project";
			productName = "poatek-project";
			productReference = 9004284621559FBB00BC99D4 /* poatek-project.app */;
			productType = "com.apple.product-type.application";
		};
/* End PBXNativeTarget section */

/* Begin PBXProject section */
		9004283E21559FBB00BC99D4 /* Project object */ = {
			isa = PBXProject;
			attributes = {
				LastSwiftUpdateCheck = 0940;
				LastUpgradeCheck = 0940;
				ORGANIZATIONNAME = "Filipe Jordão";
				TargetAttributes = {
					9004284521559FBB00BC99D4 = {
						CreatedOnToolsVersion = 9.4.1;
						LastSwiftMigration = 1000;
					};
				};
			};
			buildConfigurationList = 9004284121559FBB00BC99D4 /* Build configuration list for PBXProject "poatek-project" */;
			compatibilityVersion = "Xcode 9.3";
			developmentRegion = en;
			hasScannedForEncodings = 0;
			knownRegions = (
				en,
				Base,
			);
			mainGroup = 9004283D21559FBB00BC99D4;
			productRefGroup = 9004284721559FBB00BC99D4 /* Products */;
			projectDirPath = "";
			projectRoot = "";
			targets = (
				9004284521559FBB00BC99D4 /* poatek-project */,
			);
		};
/* End PBXProject section */

/* Begin PBXResourcesBuildPhase section */
		9004284421559FBB00BC99D4 /* Resources */ = {
			isa = PBXResourcesBuildPhase;
			buildActionMask = 2147483647;
			files = (
				9004285421559FBD00BC99D4 /* LaunchScreen.storyboard in Resources */,
				9004285121559FBD00BC99D4 /* Assets.xcassets in Resources */,
			);
			runOnlyForDeploymentPostprocessing = 0;
		};
/* End PBXResourcesBuildPhase section */

/* Begin PBXShellScriptBuildPhase section */
		6EA24F01C8D5BB7A63235E26 /* [CP] Check Pods Manifest.lock */ = {
			isa = PBXShellScriptBuildPhase;
			buildActionMask = 2147483647;
			files = (
			);
			inputFileListPaths = (
			);
			inputPaths = (
				"${PODS_PODFILE_DIR_PATH}/Podfile.lock",
				"${PODS_ROOT}/Manifest.lock",
			);
			name = "[CP] Check Pods Manifest.lock";
			outputFileListPaths = (
			);
			outputPaths = (
				"$(DERIVED_FILE_DIR)/Pods-poatek-project-checkManifestLockResult.txt",
			);
			runOnlyForDeploymentPostprocessing = 0;
			shellPath = /bin/sh;
			shellScript = "diff \"${PODS_PODFILE_DIR_PATH}/Podfile.lock\" \"${PODS_ROOT}/Manifest.lock\" > /dev/null\nif [ $? != 0 ] ; then\n    # print error to STDERR\n    echo \"error: The sandbox is not in sync with the Podfile.lock. Run 'pod install' or update your CocoaPods installation.\" >&2\n    exit 1\nfi\n# This output is used by Xcode 'outputs' to avoid re-running this script phase.\necho \"SUCCESS\" > \"${SCRIPT_OUTPUT_FILE_0}\"\n";
			showEnvVarsInLog = 0;
		};
		9061DB162156B1EA00711350 /* Run Linter */ = {
			isa = PBXShellScriptBuildPhase;
			buildActionMask = 2147483647;
			files = (
			);
			inputFileListPaths = (
			);
			inputPaths = (
			);
			name = "Run Linter";
			outputFileListPaths = (
			);
			outputPaths = (
			);
			runOnlyForDeploymentPostprocessing = 0;
			shellPath = /bin/sh;
			shellScript = "\"${PODS_ROOT}/SwiftLint/swiftlint\"\n";
		};
		9061DB172156B45E00711350 /* copy-frameworks */ = {
			isa = PBXShellScriptBuildPhase;
			buildActionMask = 2147483647;
			files = (
			);
			inputFileListPaths = (
			);
			inputPaths = (
				"$(SRCROOT)/Carthage/Build/iOS/SnapKit.framework",
				"$(SRCROOT)/Carthage/Build/iOS/Moya.framework",
				"$(SRCROOT)/Carthage/Build/iOS/Realm.framework",
				"$(SRCROOT)/Carthage/Build/iOS/RealmSwift.framework",
				"$(SRCROOT)/Carthage/Build/iOS/Result.framework",
				"$(SRCROOT)/Carthage/Build/iOS/RxCocoa.framework",
				"$(SRCROOT)/Carthage/Build/iOS/RxMoya.framework",
				"$(SRCROOT)/Carthage/Build/iOS/RxSwift.framework",
				"$(SRCROOT)/Carthage/Build/iOS/Alamofire.framework",
				"$(SRCROOT)/Carthage/Build/iOS/UICircularProgressRing.framework",
				"$(SRCROOT)/Carthage/Build/iOS/Nuke.framework",
			);
			name = "copy-frameworks";
			outputFileListPaths = (
			);
			outputPaths = (
				"$(BUILT_PRODUCTS_DIR)/$(FRAMEWORKS_FOLDER_PATH)/SnapKit.framework",
				"$(BUILT_PRODUCTS_DIR)/$(FRAMEWORKS_FOLDER_PATH)/Moya.framework",
				"$(BUILT_PRODUCTS_DIR)/$(FRAMEWORKS_FOLDER_PATH)/Realm.framework",
				"$(BUILT_PRODUCTS_DIR)/$(FRAMEWORKS_FOLDER_PATH)/RealmSwift.framework",
				"$(BUILT_PRODUCTS_DIR)/$(FRAMEWORKS_FOLDER_PATH)/Result.framework",
				"$(BUILT_PRODUCTS_DIR)/$(FRAMEWORKS_FOLDER_PATH)/RxCocoa.framework",
				"$(BUILT_PRODUCTS_DIR)/$(FRAMEWORKS_FOLDER_PATH)/RxMoya.framework",
				"$(BUILT_PRODUCTS_DIR)/$(FRAMEWORKS_FOLDER_PATH)/RxSwift.framework",
				"$(BUILT_PRODUCTS_DIR)/$(FRAMEWORKS_FOLDER_PATH)/Alamofire.framework",
				"$(BUILT_PRODUCTS_DIR)/$(FRAMEWORKS_FOLDER_PATH)/UICircularProgressRing.framework",
				"$(BUILT_PRODUCTS_DIR)/$(FRAMEWORKS_FOLDER_PATH)/Nuke.framework",
			);
			runOnlyForDeploymentPostprocessing = 0;
			shellPath = /bin/sh;
			shellScript = "/usr/local/bin/carthage copy-frameworks\n";
		};
/* End PBXShellScriptBuildPhase section */

/* Begin PBXSourcesBuildPhase section */
		9004284221559FBB00BC99D4 /* Sources */ = {
			isa = PBXSourcesBuildPhase;
			buildActionMask = 2147483647;
			files = (
				904A6B8B2159C16F0071348E /* PopularMoviesWorker.swift in Sources */,
				9085C6A92157F48D0067EB8F /* Movie.swift in Sources */,
				9085C6A22157DBD10067EB8F /* MoviesRequest.swift in Sources */,
				90F2C4BD2157B727001CA8D2 /* MoviesView.swift in Sources */,
				904A6B892159C12F0071348E /* PopularMoviesInteractor.swift in Sources */,
				9085C6A72157E4770067EB8F /* MovieViewCell.swift in Sources */,
				9004284C21559FBB00BC99D4 /* TabBarController.swift in Sources */,
				90F2C4B4215713DD001CA8D2 /* MoviesPresenter.swift in Sources */,
				90246165215815EC001F0262 /* CircleView.swift in Sources */,
				9085C6A02157DB920067EB8F /* MoviesResponse.swift in Sources */,
				90F2C4B22157046E001CA8D2 /* TopMoviesInteractor.swift in Sources */,
				9004284A21559FBB00BC99D4 /* AppDelegate.swift in Sources */,
				90F2C4B02157044C001CA8D2 /* MoviesViewController.swift in Sources */,
				904A6B862159BA690071348E /* TopMoviesViewController.swift in Sources */,
				9085C6AB2157F5180067EB8F /* MovieViewModel.swift in Sources */,
				904A6B832159BA090071348E /* MoviesBusinessLogic.swift in Sources */,
				904A6B8D2159C1B60071348E /* PopularMoviesViewController.swift in Sources */,
				904A6B8121599DDF0071348E /* MovieBasicInfoView.swift in Sources */,
				90F2C4BF2157B946001CA8D2 /* TopMoviesWorker.swift in Sources */,
				9085C6A42157DBDD0067EB8F /* MoviesViewModel.swift in Sources */,
				90F2C4BB2157B140001CA8D2 /* TheMovieDBAPI.swift in Sources */,
			);
			runOnlyForDeploymentPostprocessing = 0;
		};
/* End PBXSourcesBuildPhase section */

/* Begin PBXVariantGroup section */
		9004285221559FBD00BC99D4 /* LaunchScreen.storyboard */ = {
			isa = PBXVariantGroup;
			children = (
				9004285321559FBD00BC99D4 /* Base */,
			);
			name = LaunchScreen.storyboard;
			sourceTree = "<group>";
		};
/* End PBXVariantGroup section */

/* Begin XCBuildConfiguration section */
		9004285621559FBD00BC99D4 /* Debug */ = {
			isa = XCBuildConfiguration;
			buildSettings = {
				ALWAYS_SEARCH_USER_PATHS = NO;
				CLANG_ANALYZER_NONNULL = YES;
				CLANG_ANALYZER_NUMBER_OBJECT_CONVERSION = YES_AGGRESSIVE;
				CLANG_CXX_LANGUAGE_STANDARD = "gnu++14";
				CLANG_CXX_LIBRARY = "libc++";
				CLANG_ENABLE_MODULES = YES;
				CLANG_ENABLE_OBJC_ARC = YES;
				CLANG_ENABLE_OBJC_WEAK = YES;
				CLANG_WARN_BLOCK_CAPTURE_AUTORELEASING = YES;
				CLANG_WARN_BOOL_CONVERSION = YES;
				CLANG_WARN_COMMA = YES;
				CLANG_WARN_CONSTANT_CONVERSION = YES;
				CLANG_WARN_DEPRECATED_OBJC_IMPLEMENTATIONS = YES;
				CLANG_WARN_DIRECT_OBJC_ISA_USAGE = YES_ERROR;
				CLANG_WARN_DOCUMENTATION_COMMENTS = YES;
				CLANG_WARN_EMPTY_BODY = YES;
				CLANG_WARN_ENUM_CONVERSION = YES;
				CLANG_WARN_INFINITE_RECURSION = YES;
				CLANG_WARN_INT_CONVERSION = YES;
				CLANG_WARN_NON_LITERAL_NULL_CONVERSION = YES;
				CLANG_WARN_OBJC_IMPLICIT_RETAIN_SELF = YES;
				CLANG_WARN_OBJC_LITERAL_CONVERSION = YES;
				CLANG_WARN_OBJC_ROOT_CLASS = YES_ERROR;
				CLANG_WARN_RANGE_LOOP_ANALYSIS = YES;
				CLANG_WARN_STRICT_PROTOTYPES = YES;
				CLANG_WARN_SUSPICIOUS_MOVE = YES;
				CLANG_WARN_UNGUARDED_AVAILABILITY = YES_AGGRESSIVE;
				CLANG_WARN_UNREACHABLE_CODE = YES;
				CLANG_WARN__DUPLICATE_METHOD_MATCH = YES;
				CODE_SIGN_IDENTITY = "iPhone Developer";
				COPY_PHASE_STRIP = NO;
				DEBUG_INFORMATION_FORMAT = dwarf;
				ENABLE_STRICT_OBJC_MSGSEND = YES;
				ENABLE_TESTABILITY = YES;
				GCC_C_LANGUAGE_STANDARD = gnu11;
				GCC_DYNAMIC_NO_PIC = NO;
				GCC_NO_COMMON_BLOCKS = YES;
				GCC_OPTIMIZATION_LEVEL = 0;
				GCC_PREPROCESSOR_DEFINITIONS = (
					"DEBUG=1",
					"$(inherited)",
				);
				GCC_WARN_64_TO_32_BIT_CONVERSION = YES;
				GCC_WARN_ABOUT_RETURN_TYPE = YES_ERROR;
				GCC_WARN_UNDECLARED_SELECTOR = YES;
				GCC_WARN_UNINITIALIZED_AUTOS = YES_AGGRESSIVE;
				GCC_WARN_UNUSED_FUNCTION = YES;
				GCC_WARN_UNUSED_VARIABLE = YES;
				IPHONEOS_DEPLOYMENT_TARGET = 11.4;
				MTL_ENABLE_DEBUG_INFO = YES;
				ONLY_ACTIVE_ARCH = YES;
				SDKROOT = iphoneos;
				SWIFT_ACTIVE_COMPILATION_CONDITIONS = DEBUG;
				SWIFT_OPTIMIZATION_LEVEL = "-Onone";
			};
			name = Debug;
		};
		9004285721559FBD00BC99D4 /* Release */ = {
			isa = XCBuildConfiguration;
			buildSettings = {
				ALWAYS_SEARCH_USER_PATHS = NO;
				CLANG_ANALYZER_NONNULL = YES;
				CLANG_ANALYZER_NUMBER_OBJECT_CONVERSION = YES_AGGRESSIVE;
				CLANG_CXX_LANGUAGE_STANDARD = "gnu++14";
				CLANG_CXX_LIBRARY = "libc++";
				CLANG_ENABLE_MODULES = YES;
				CLANG_ENABLE_OBJC_ARC = YES;
				CLANG_ENABLE_OBJC_WEAK = YES;
				CLANG_WARN_BLOCK_CAPTURE_AUTORELEASING = YES;
				CLANG_WARN_BOOL_CONVERSION = YES;
				CLANG_WARN_COMMA = YES;
				CLANG_WARN_CONSTANT_CONVERSION = YES;
				CLANG_WARN_DEPRECATED_OBJC_IMPLEMENTATIONS = YES;
				CLANG_WARN_DIRECT_OBJC_ISA_USAGE = YES_ERROR;
				CLANG_WARN_DOCUMENTATION_COMMENTS = YES;
				CLANG_WARN_EMPTY_BODY = YES;
				CLANG_WARN_ENUM_CONVERSION = YES;
				CLANG_WARN_INFINITE_RECURSION = YES;
				CLANG_WARN_INT_CONVERSION = YES;
				CLANG_WARN_NON_LITERAL_NULL_CONVERSION = YES;
				CLANG_WARN_OBJC_IMPLICIT_RETAIN_SELF = YES;
				CLANG_WARN_OBJC_LITERAL_CONVERSION = YES;
				CLANG_WARN_OBJC_ROOT_CLASS = YES_ERROR;
				CLANG_WARN_RANGE_LOOP_ANALYSIS = YES;
				CLANG_WARN_STRICT_PROTOTYPES = YES;
				CLANG_WARN_SUSPICIOUS_MOVE = YES;
				CLANG_WARN_UNGUARDED_AVAILABILITY = YES_AGGRESSIVE;
				CLANG_WARN_UNREACHABLE_CODE = YES;
				CLANG_WARN__DUPLICATE_METHOD_MATCH = YES;
				CODE_SIGN_IDENTITY = "iPhone Developer";
				COPY_PHASE_STRIP = NO;
				DEBUG_INFORMATION_FORMAT = "dwarf-with-dsym";
				ENABLE_NS_ASSERTIONS = NO;
				ENABLE_STRICT_OBJC_MSGSEND = YES;
				GCC_C_LANGUAGE_STANDARD = gnu11;
				GCC_NO_COMMON_BLOCKS = YES;
				GCC_WARN_64_TO_32_BIT_CONVERSION = YES;
				GCC_WARN_ABOUT_RETURN_TYPE = YES_ERROR;
				GCC_WARN_UNDECLARED_SELECTOR = YES;
				GCC_WARN_UNINITIALIZED_AUTOS = YES_AGGRESSIVE;
				GCC_WARN_UNUSED_FUNCTION = YES;
				GCC_WARN_UNUSED_VARIABLE = YES;
				IPHONEOS_DEPLOYMENT_TARGET = 11.4;
				MTL_ENABLE_DEBUG_INFO = NO;
				SDKROOT = iphoneos;
				SWIFT_COMPILATION_MODE = wholemodule;
				SWIFT_OPTIMIZATION_LEVEL = "-O";
				VALIDATE_PRODUCT = YES;
			};
			name = Release;
		};
		9004285921559FBD00BC99D4 /* Debug */ = {
			isa = XCBuildConfiguration;
			baseConfigurationReference = BC1985EE8BEE154FD16C38F3 /* Pods-poatek-project.debug.xcconfig */;
			buildSettings = {
				ASSETCATALOG_COMPILER_APPICON_NAME = AppIcon;
				CODE_SIGN_STYLE = Automatic;
				DEVELOPMENT_TEAM = R9WHX95423;
				FRAMEWORK_SEARCH_PATHS = (
					"$(inherited)",
					"$(PROJECT_DIR)/Carthage/Build/iOS",
				);
				INFOPLIST_FILE = "poatek-project/Info.plist";
				LD_RUNPATH_SEARCH_PATHS = (
					"$(inherited)",
					"@executable_path/Frameworks",
				);
				PRODUCT_BUNDLE_IDENTIFIER = "FJ.poatek-project";
				PRODUCT_NAME = "$(TARGET_NAME)";
				SWIFT_VERSION = 4.2;
				TARGETED_DEVICE_FAMILY = "1,2";
			};
			name = Debug;
		};
		9004285A21559FBD00BC99D4 /* Release */ = {
			isa = XCBuildConfiguration;
			baseConfigurationReference = 8A9D74EF68F098A174E5C9EC /* Pods-poatek-project.release.xcconfig */;
			buildSettings = {
				ASSETCATALOG_COMPILER_APPICON_NAME = AppIcon;
				CODE_SIGN_STYLE = Automatic;
				DEVELOPMENT_TEAM = R9WHX95423;
				FRAMEWORK_SEARCH_PATHS = (
					"$(inherited)",
					"$(PROJECT_DIR)/Carthage/Build/iOS",
				);
				INFOPLIST_FILE = "poatek-project/Info.plist";
				LD_RUNPATH_SEARCH_PATHS = (
					"$(inherited)",
					"@executable_path/Frameworks",
				);
				PRODUCT_BUNDLE_IDENTIFIER = "FJ.poatek-project";
				PRODUCT_NAME = "$(TARGET_NAME)";
				SWIFT_VERSION = 4.2;
				TARGETED_DEVICE_FAMILY = "1,2";
			};
			name = Release;
		};
/* End XCBuildConfiguration section */

/* Begin XCConfigurationList section */
		9004284121559FBB00BC99D4 /* Build configuration list for PBXProject "poatek-project" */ = {
			isa = XCConfigurationList;
			buildConfigurations = (
				9004285621559FBD00BC99D4 /* Debug */,
				9004285721559FBD00BC99D4 /* Release */,
			);
			defaultConfigurationIsVisible = 0;
			defaultConfigurationName = Release;
		};
		9004285821559FBD00BC99D4 /* Build configuration list for PBXNativeTarget "poatek-project" */ = {
			isa = XCConfigurationList;
			buildConfigurations = (
				9004285921559FBD00BC99D4 /* Debug */,
				9004285A21559FBD00BC99D4 /* Release */,
			);
			defaultConfigurationIsVisible = 0;
			defaultConfigurationName = Release;
		};
/* End XCConfigurationList section */
	};
	rootObject = 9004283E21559FBB00BC99D4 /* Project object */;
}
